# THIS IS AN AUTOGENERATED FILE. DO NOT EDIT THIS FILE DIRECTLY.
# yarn lockfile v1


"@types/concat-stream@^1.6.0":
  version "1.6.0"
  resolved "https://registry.npmjs.org/@types/concat-stream/-/concat-stream-1.6.0.tgz#394dbe0bb5fee46b38d896735e8b68ef2390d00d"
  dependencies:
    "@types/node" "*"

"@types/form-data@0.0.33":
  version "0.0.33"
  resolved "https://registry.npmjs.org/@types/form-data/-/form-data-0.0.33.tgz#c9ac85b2a5fd18435b8c85d9ecb50e6d6c893ff8"
  dependencies:
    "@types/node" "*"

"@types/node@*":
  version "10.5.7"
  resolved "https://registry.npmjs.org/@types/node/-/node-10.5.7.tgz#960d9feb3ade2233bcc9843c918d740b4f78a7cf"

"@types/node@^8.0.0":
  version "8.10.24"
  resolved "https://registry.npmjs.org/@types/node/-/node-8.10.24.tgz#302a8f0c00bd1bf364471b6687258617c5d410fc"

"@types/node@^9.3.0", "@types/node@^9.4.1":
  version "9.6.26"
  resolved "https://registry.npmjs.org/@types/node/-/node-9.6.26.tgz#cd9d021f3e43f16a62e1b1cfa38b00ae4cfbebac"

"@types/qs@^6.2.31":
  version "6.5.1"
  resolved "https://registry.npmjs.org/@types/qs/-/qs-6.5.1.tgz#a38f69c62528d56ba7bd1f91335a8004988d72f7"

abbrev@1:
  version "1.1.1"
  resolved "https://registry.npmjs.org/abbrev/-/abbrev-1.1.1.tgz#f8f2c887ad10bf67f634f005b6987fed3179aac8"

argparse@^1.0.7:
  version "1.0.10"
  resolved "https://registry.npmjs.org/argparse/-/argparse-1.0.10.tgz#bcd6791ea5ae09725e17e5ad988134cd40b3d911"
  dependencies:
    sprintf-js "~1.0.2"

asap@~2.0.3:
  version "2.0.6"
  resolved "https://registry.npmjs.org/asap/-/asap-2.0.6.tgz#e50347611d7e690943208bbdafebcbc2fb866d46"

asynckit@^0.4.0:
  version "0.4.0"
  resolved "https://registry.npmjs.org/asynckit/-/asynckit-0.4.0.tgz#c79ed97f7f34cb8f2ba1bc9790bcc366474b4b79"

base64-js@^1.0.2:
  version "1.3.0"
  resolved "https://registry.npmjs.org/base64-js/-/base64-js-1.3.0.tgz#cab1e6118f051095e58b5281aea8c1cd22bfc0e3"

buffer-from@^1.0.0:
  version "1.1.1"
  resolved "https://registry.npmjs.org/buffer-from/-/buffer-from-1.1.1.tgz#32713bc028f75c02fdb710d7c7bcec1f2c6070ef"

buffer@^5.1.0:
  version "5.2.0"
  resolved "https://registry.npmjs.org/buffer/-/buffer-5.2.0.tgz#53cf98241100099e9eeae20ee6d51d21b16e541e"
  dependencies:
    base64-js "^1.0.2"
    ieee754 "^1.1.4"

caseless@~0.12.0:
  version "0.12.0"
  resolved "https://registry.npmjs.org/caseless/-/caseless-0.12.0.tgz#1b681c21ff84033c826543090689420d187151dc"

chevrotain@^3.7.4:
  version "3.7.4"
  resolved "https://registry.npmjs.org/chevrotain/-/chevrotain-3.7.4.tgz#d2fea706d74fab60cdd879ed6425cc1feb522a9b"
  dependencies:
    regexp-to-ast "0.3.5"

combined-stream@1.0.6:
  version "1.0.6"
  resolved "https://registry.npmjs.org/combined-stream/-/combined-stream-1.0.6.tgz#723e7df6e801ac5613113a7e445a9b69cb632818"
  dependencies:
    delayed-stream "~1.0.0"

concat-stream@^1.4.6, concat-stream@^1.6.0:
  version "1.6.2"
  resolved "https://registry.npmjs.org/concat-stream/-/concat-stream-1.6.2.tgz#904bdf194cd3122fc675c77fc4ac3d4ff0fd1a34"
  dependencies:
    buffer-from "^1.0.0"
    inherits "^2.0.3"
    readable-stream "^2.2.2"
    typedarray "^0.0.6"

core-util-is@~1.0.0:
  version "1.0.2"
  resolved "https://registry.npmjs.org/core-util-is/-/core-util-is-1.0.2.tgz#b5fd54220aa2bc5ab57aab7140c940754503c1a7"

crc@^3.8.0:
  version "3.8.0"
  resolved "https://registry.npmjs.org/crc/-/crc-3.8.0.tgz#ad60269c2c856f8c299e2c4cc0de4556914056c6"
  dependencies:
    buffer "^5.1.0"

delayed-stream@~1.0.0:
  version "1.0.0"
  resolved "https://registry.npmjs.org/delayed-stream/-/delayed-stream-1.0.0.tgz#df3ae199acadfb7d440aaae0b29e2272b24ec619"

esprima@^4.0.0:
  version "4.0.1"
  resolved "https://registry.npmjs.org/esprima/-/esprima-4.0.1.tgz#13b04cdb3e6c5d19df91ab6987a8695619b0aa71"

form-data@^2.2.0:
  version "2.3.2"
  resolved "https://registry.npmjs.org/form-data/-/form-data-2.3.2.tgz#4970498be604c20c005d4f5c23aecd21d6b49099"
  dependencies:
    asynckit "^0.4.0"
    combined-stream "1.0.6"
    mime-types "^2.1.12"

get-port@^3.1.0:
  version "3.2.0"
  resolved "https://registry.npmjs.org/get-port/-/get-port-3.2.0.tgz#dd7ce7de187c06c8bf353796ac71e099f0980ebc"

http-basic@^7.0.0:
  version "7.0.0"
  resolved "https://registry.npmjs.org/http-basic/-/http-basic-7.0.0.tgz#82f0a506be942732ec8deebee80e746ef5736dba"
  dependencies:
    "@types/concat-stream" "^1.6.0"
    "@types/node" "^9.4.1"
    caseless "~0.12.0"
    concat-stream "^1.4.6"
    http-response-object "^3.0.1"
    parse-cache-control "^1.0.1"

http-response-object@^3.0.1:
  version "3.0.1"
  resolved "https://registry.npmjs.org/http-response-object/-/http-response-object-3.0.1.tgz#90174d44c27b5e797cf6efe51a043bc889ae64bf"
  dependencies:
    "@types/node" "^9.3.0"

ieee754@^1.1.4:
  version "1.1.12"
  resolved "https://registry.npmjs.org/ieee754/-/ieee754-1.1.12.tgz#50bf24e5b9c8bb98af4964c941cdb0918da7b60b"

infestines@^0.4.9:
  version "0.4.10"
  resolved "https://registry.npmjs.org/infestines/-/infestines-0.4.10.tgz#1b23ce6c6fee2898ac55b40645294774d9df144b"

inherits@^2.0.3, inherits@~2.0.3:
  version "2.0.3"
  resolved "https://registry.npmjs.org/inherits/-/inherits-2.0.3.tgz#633c2c83e3da42a502f52466022480f4208261de"

isarray@~1.0.0:
  version "1.0.0"
  resolved "https://registry.npmjs.org/isarray/-/isarray-1.0.0.tgz#bb935d48582cba168c06834957a54a3e07124f11"

js-yaml@^3.12.0:
  version "3.12.0"
  resolved "https://registry.npmjs.org/js-yaml/-/js-yaml-3.12.0.tgz#eaed656ec8344f10f527c6bfa1b6e2244de167d1"
  dependencies:
    argparse "^1.0.7"
    esprima "^4.0.0"

libkicad@next:
  version "0.1.0-next.9ad2581"
  resolved "https://registry.npmjs.org/libkicad/-/libkicad-0.1.0-next.9ad2581.tgz#551f52f67126febac6b91e57651e3351e4ac78ab"
  dependencies:
    chevrotain "^3.7.4"
    prettier-printer "^1.1.2"

mime-db@~1.35.0:
  version "1.35.0"
  resolved "https://registry.npmjs.org/mime-db/-/mime-db-1.35.0.tgz#0569d657466491283709663ad379a99b90d9ab47"

mime-types@^2.1.12:
  version "2.1.19"
  resolved "https://registry.npmjs.org/mime-types/-/mime-types-2.1.19.tgz#71e464537a7ef81c15f2db9d97e913fc0ff606f0"
  dependencies:
    mime-db "~1.35.0"

minimist@0.0.8:
  version "0.0.8"
  resolved "https://registry.npmjs.org/minimist/-/minimist-0.0.8.tgz#857fcabfc3397d2625b8228262e86aa7a011b05d"

mkdirp@^0.5.1:
  version "0.5.1"
  resolved "https://registry.npmjs.org/mkdirp/-/mkdirp-0.5.1.tgz#30057438eac6cf7f8c4767f38648d6697d75c903"
  dependencies:
    minimist "0.0.8"

nopt@^4.0.1:
  version "4.0.1"
  resolved "https://registry.npmjs.org/nopt/-/nopt-4.0.1.tgz#d0d4685afd5415193c8c7505602d0d17cd64474d"
  dependencies:
    abbrev "1"
    osenv "^0.1.4"

os-homedir@^1.0.0:
  version "1.0.2"
  resolved "https://registry.npmjs.org/os-homedir/-/os-homedir-1.0.2.tgz#ffbc4988336e0e833de0c168c7ef152121aa7fb3"

os-tmpdir@^1.0.0:
  version "1.0.2"
  resolved "https://registry.npmjs.org/os-tmpdir/-/os-tmpdir-1.0.2.tgz#bbe67406c79aa85c5cfec766fe5734555dfa1274"

osenv@^0.1.4:
  version "0.1.5"
  resolved "https://registry.npmjs.org/osenv/-/osenv-0.1.5.tgz#85cdfafaeb28e8677f416e287592b5f3f49ea410"
  dependencies:
    os-homedir "^1.0.0"
    os-tmpdir "^1.0.0"

parse-cache-control@^1.0.1:
  version "1.0.1"
  resolved "https://registry.npmjs.org/parse-cache-control/-/parse-cache-control-1.0.1.tgz#8eeab3e54fa56920fe16ba38f77fa21aacc2d74e"

partial.lenses.validation@^1.0.4:
  version "1.0.4"
  resolved "https://registry.npmjs.org/partial.lenses.validation/-/partial.lenses.validation-1.0.4.tgz#48769f9633b349ebc45224dbb72bf07d717f369c"
  dependencies:
    infestines "^0.4.9"
    partial.lenses "^13.12.0"

partial.lenses@^13.12.0:
  version "13.16.0"
  resolved "https://registry.npmjs.org/partial.lenses/-/partial.lenses-13.16.0.tgz#e4a0e78988c4014c18abc7a5293a1f8d0cb7b2eb"
  dependencies:
    infestines "^0.4.9"

prettier-printer@^1.1.2:
  version "1.1.2"
  resolved "https://registry.npmjs.org/prettier-printer/-/prettier-printer-1.1.2.tgz#2f7464521cac31cd236d6ad0ce7ad862f2a4d030"
  dependencies:
    infestines "^0.4.9"
    partial.lenses.validation "^1.0.4"

process-nextick-args@~2.0.0:
  version "2.0.0"
  resolved "https://registry.npmjs.org/process-nextick-args/-/process-nextick-args-2.0.0.tgz#a37d732f4271b4ab1ad070d35508e8290788ffaa"

promise@^8.0.0:
  version "8.0.1"
  resolved "https://registry.npmjs.org/promise/-/promise-8.0.1.tgz#e45d68b00a17647b6da711bf85ed6ed47208f450"
  dependencies:
    asap "~2.0.3"

qeda@^0.4.0:
  version "0.4.0"
  resolved "https://registry.npmjs.org/qeda/-/qeda-0.4.0.tgz#94e9c82049c77c52a3521dc59933cec0d4c1c396"
  dependencies:
    crc "^3.8.0"
    js-yaml "^3.12.0"
    mkdirp "^0.5.1"
    nopt "^4.0.1"
    sprintf-js "^1.1.1"
    svg-path-parser "^1.1.0"
    sync-request "^6.0.0"

qs@^6.4.0:
  version "6.5.2"
  resolved "https://registry.npmjs.org/qs/-/qs-6.5.2.tgz#cb3ae806e8740444584ef154ce8ee98d403f3e36"

readable-stream@^2.2.2:
  version "2.3.6"
  resolved "https://registry.npmjs.org/readable-stream/-/readable-stream-2.3.6.tgz#b11c27d88b8ff1fbe070643cf94b0c79ae1b0aaf"
  dependencies:
    core-util-is "~1.0.0"
    inherits "~2.0.3"
    isarray "~1.0.0"
    process-nextick-args "~2.0.0"
    safe-buffer "~5.1.1"
    string_decoder "~1.1.1"
    util-deprecate "~1.0.1"

regexp-to-ast@0.3.5:
  version "0.3.5"
  resolved "https://registry.npmjs.org/regexp-to-ast/-/regexp-to-ast-0.3.5.tgz#dedadd11bbb5f849df76b4e84b0b5335831c0473"

safe-buffer@~5.1.0, safe-buffer@~5.1.1:
  version "5.1.2"
  resolved "https://registry.npmjs.org/safe-buffer/-/safe-buffer-5.1.2.tgz#991ec69d296e0313747d59bdfd2b745c35f8828d"

sprintf-js@^1.1.1:
  version "1.1.1"
  resolved "https://registry.npmjs.org/sprintf-js/-/sprintf-js-1.1.1.tgz#36be78320afe5801f6cea3ee78b6e5aab940ea0c"

sprintf-js@~1.0.2:
  version "1.0.3"
  resolved "https://registry.npmjs.org/sprintf-js/-/sprintf-js-1.0.3.tgz#04e6926f662895354f3dd015203633b857297e2c"

string_decoder@~1.1.1:
  version "1.1.1"
  resolved "https://registry.npmjs.org/string_decoder/-/string_decoder-1.1.1.tgz#9cf1611ba62685d7030ae9e4ba34149c3af03fc8"
  dependencies:
    safe-buffer "~5.1.0"

svg-path-parser@^1.1.0:
  version "1.1.0"
  resolved "https://registry.npmjs.org/svg-path-parser/-/svg-path-parser-1.1.0.tgz#e16b4b39df0d2b0d39e8347db79fdda1453a6046"

sync-request@^6.0.0:
  version "6.0.0"
  resolved "https://registry.npmjs.org/sync-request/-/sync-request-6.0.0.tgz#db867eccc4ed31bbcb9fa3732393a3413da582ed"
  dependencies:
    http-response-object "^3.0.1"
    sync-rpc "^1.2.1"
    then-request "^6.0.0"

sync-rpc@^1.2.1:
  version "1.3.4"
  resolved "https://registry.npmjs.org/sync-rpc/-/sync-rpc-1.3.4.tgz#24bcbdb2ffcb98f23690c15b304660085cdd206c"
  dependencies:
    get-port "^3.1.0"

then-request@^6.0.0:
  version "6.0.0"
  resolved "https://registry.npmjs.org/then-request/-/then-request-6.0.0.tgz#2cab198e48f2d8e79c8c1ed260198368a4a0bcba"
  dependencies:
    "@types/concat-stream" "^1.6.0"
    "@types/form-data" "0.0.33"
    "@types/node" "^8.0.0"
    "@types/qs" "^6.2.31"
    caseless "~0.12.0"
    concat-stream "^1.6.0"
    form-data "^2.2.0"
    http-basic "^7.0.0"
    http-response-object "^3.0.1"
    promise "^8.0.0"
    qs "^6.4.0"

typedarray@^0.0.6:
  version "0.0.6"
  resolved "https://registry.npmjs.org/typedarray/-/typedarray-0.0.6.tgz#867ac74e3864187b1d3d47d996a78ec5c8830777"

typescript@^3.0.1:
  version "3.0.1"
  resolved "https://registry.npmjs.org/typescript/-/typescript-3.0.1.tgz#43738f29585d3a87575520a4b93ab6026ef11fdb"

util-deprecate@~1.0.1:
  version "1.0.2"
  resolved "https://registry.npmjs.org/util-deprecate/-/util-deprecate-1.0.2.tgz#450d4dc9fa70de732762fbd2d4a28981419a0ccf"
